
Microsoft Visual Studio Solution File, Format Version 12.00
# Visual Studio Version 17
VisualStudioVersion = 17.4.33103.184
MinimumVisualStudioVersion = 10.0.40219.1
Project("{9A19103F-16F7-4668-BE54-9A1E7A4F7556}") = "KafkaFlow.Serializer.MessagePack.UnitTests", "KafkaFlow.UnitTests\KafkaFlow.Serializer.MessagePack.UnitTests.csproj", "{CE82B50F-6C03-4875-ADF5-63FD5B7F1AF8}"
EndProject
Project("{2150E333-8FDC-42A3-9474-1A3956D46DE8}") = "Tests", "Tests", "{7A9B997B-DAAC-4004-94F3-32F6B88E0068}"
EndProject
Project("{2150E333-8FDC-42A3-9474-1A3956D46DE8}") = "Samples", "Samples", "{303AE78F-6C96-4DF4-AC89-5C4FD53AFF0B}"
EndProject
Project("{9A19103F-16F7-4668-BE54-9A1E7A4F7556}") = "KafkaFlow.Serializer.MessagePack.Sample", "..\samples\KafkaFlow.Serializer.MessagePack.Sample\KafkaFlow.Serializer.MessagePack.Sample.csproj", "{7B61C99E-3AEB-4497-8A38-F780CB309130}"
EndProject
Project("{9A19103F-16F7-4668-BE54-9A1E7A4F7556}") = "KafkaFlow.Serializer.MessagePack", "KafkaFlow.Serializer.MessagePack\KafkaFlow.Serializer.MessagePack.csproj", "{F0444767-A81B-4CAC-BF12-F71E8C5FBECD}"
EndProject
Global
	GlobalSection(SolutionConfigurationPlatforms) = preSolution
		Debug|Any CPU = Debug|Any CPU
		Release|Any CPU = Release|Any CPU
	EndGlobalSection
	GlobalSection(ProjectConfigurationPlatforms) = postSolution
		{CE82B50F-6C03-4875-ADF5-63FD5B7F1AF8}.Debug|Any CPU.ActiveCfg = Debug|Any CPU
		{CE82B50F-6C03-4875-ADF5-63FD5B7F1AF8}.Debug|Any CPU.Build.0 = Debug|Any CPU
		{CE82B50F-6C03-4875-ADF5-63FD5B7F1AF8}.Release|Any CPU.ActiveCfg = Release|Any CPU
		{CE82B50F-6C03-4875-ADF5-63FD5B7F1AF8}.Release|Any CPU.Build.0 = Release|Any CPU
		{7B61C99E-3AEB-4497-8A38-F780CB309130}.Debug|Any CPU.ActiveCfg = Debug|Any CPU
		{7B61C99E-3AEB-4497-8A38-F780CB309130}.Debug|Any CPU.Build.0 = Debug|Any CPU
		{7B61C99E-3AEB-4497-8A38-F780CB309130}.Release|Any CPU.ActiveCfg = Release|Any CPU
		{7B61C99E-3AEB-4497-8A38-F780CB309130}.Release|Any CPU.Build.0 = Release|Any CPU
		{F0444767-A81B-4CAC-BF12-F71E8C5FBECD}.Debug|Any CPU.ActiveCfg = Debug|Any CPU
		{F0444767-A81B-4CAC-BF12-F71E8C5FBECD}.Debug|Any CPU.Build.0 = Debug|Any CPU
		{F0444767-A81B-4CAC-BF12-F71E8C5FBECD}.Release|Any CPU.ActiveCfg = Release|Any CPU
		{F0444767-A81B-4CAC-BF12-F71E8C5FBECD}.Release|Any CPU.Build.0 = Release|Any CPU
	EndGlobalSection
	GlobalSection(SolutionProperties) = preSolution
		HideSolutionNode = FALSE
	EndGlobalSection
	GlobalSection(NestedProjects) = preSolution
		{CE82B50F-6C03-4875-ADF5-63FD5B7F1AF8} = {7A9B997B-DAAC-4004-94F3-32F6B88E0068}
		{7B61C99E-3AEB-4497-8A38-F780CB309130} = {303AE78F-6C96-4DF4-AC89-5C4FD53AFF0B}
	EndGlobalSection
	GlobalSection(ExtensibilityGlobals) = postSolution
		SolutionGuid = {0828468D-6C9D-40B8-A938-50DE460F82FC}
	EndGlobalSection
EndGlobal
